
Microsoft Visual Studio Solution File, Format Version 12.00
# Visual Studio Version 16
VisualStudioVersion = 16.0.31613.86
MinimumVisualStudioVersion = 10.0.40219.1
Project("{FAE04EC0-301F-11D3-BF4B-00C04F79EFBC}") = "Master", "Master\Master.csproj", "{C87DED9E-E081-46F1-B30E-B1CDEDB1FA68}"
EndProject
Global
	GlobalSection(SolutionConfigurationPlatforms) = preSolution
		Debug|Any CPU = Debug|Any CPU
		Release|Any CPU = Release|Any CPU
	EndGlobalSection
	GlobalSection(ProjectConfigurationPlatforms) = postSolution
		{C87DED9E-E081-46F1-B30E-B1CDEDB1FA68}.Debug|Any CPU.ActiveCfg = Debug|Any CPU
		{C87DED9E-E081-46F1-B30E-B1CDEDB1FA68}.Debug|Any CPU.Build.0 = Debug|Any CPU
		{C87DED9E-E081-46F1-B30E-B1CDEDB1FA68}.Release|Any CPU.ActiveCfg = Release|Any CPU
		{C87DED9E-E081-46F1-B30E-B1CDEDB1FA68}.Release|Any CPU.Build.0 = Release|Any CPU
	EndGlobalSection
	GlobalSection(SolutionProperties) = preSolution
		HideSolutionNode = FALSE
	EndGlobalSection
	GlobalSection(ExtensibilityGlobals) = postSolution
		SolutionGuid = {D4D29928-8DC7-4443-AF8E-4C67CC24A2DD}
	EndGlobalSection
EndGlobal
